
Microsoft Visual Studio Solution File, Format Version 12.00
# Visual Studio 2012
Project("{F184B08F-C81C-45F6-A57F-5ABD9991F28F}") = "Updates Logger", "Updates Logger\Updates Logger.vbproj", "{A32FBB25-1C89-4966-B3B5-E94DEDC74BA8}"
EndProject
Global
	GlobalSection(SolutionConfigurationPlatforms) = preSolution
		Debug|Any CPU = Debug|Any CPU
		Release|Any CPU = Release|Any CPU
	EndGlobalSection
	GlobalSection(ProjectConfigurationPlatforms) = postSolution
		{A32FBB25-1C89-4966-B3B5-E94DEDC74BA8}.Debug|Any CPU.ActiveCfg = Debug|Any CPU
		{A32FBB25-1C89-4966-B3B5-E94DEDC74BA8}.Debug|Any CPU.Build.0 = Debug|Any CPU
		{A32FBB25-1C89-4966-B3B5-E94DEDC74BA8}.Release|Any CPU.ActiveCfg = Release|Any CPU
		{A32FBB25-1C89-4966-B3B5-E94DEDC74BA8}.Release|Any CPU.Build.0 = Release|Any CPU
	EndGlobalSection
	GlobalSection(SolutionProperties) = preSolution
		HideSolutionNode = FALSE
	EndGlobalSection
EndGlobal
